
Microsoft Visual Studio Solution File, Format Version 12.00
# Visual Studio 15
VisualStudioVersion = 15.0.27130.2010
MinimumVisualStudioVersion = 10.0.40219.1
Project("{FAE04EC0-301F-11D3-BF4B-00C04F79EFBC}") = "ProgramLogicUtilits", "ProgramLogicUtilits\ProgramLogicUtilits.csproj", "{2CA69BCA-EEAA-4BE8-A316-4A7334EE605B}"
EndProject
Project("{FAE04EC0-301F-11D3-BF4B-00C04F79EFBC}") = "FormsUtils", "FormsUtils\FormsUtils.csproj", "{CAAE9CDA-4971-499A-B00E-F14788A7FB4B}"
EndProject
Project("{FAE04EC0-301F-11D3-BF4B-00C04F79EFBC}") = "Bombuzle", "Bombuzle\Bombuzle.csproj", "{063A0839-2F78-4659-90EC-49EC8F5CF70E}"
EndProject
Global
	GlobalSection(SolutionConfigurationPlatforms) = preSolution
		Debug|Any CPU = Debug|Any CPU
		Debug|x86 = Debug|x86
		Release|Any CPU = Release|Any CPU
		Release|x86 = Release|x86
	EndGlobalSection
	GlobalSection(ProjectConfigurationPlatforms) = postSolution
		{2CA69BCA-EEAA-4BE8-A316-4A7334EE605B}.Debug|Any CPU.ActiveCfg = Debug|Any CPU
		{2CA69BCA-EEAA-4BE8-A316-4A7334EE605B}.Debug|Any CPU.Build.0 = Debug|Any CPU
		{2CA69BCA-EEAA-4BE8-A316-4A7334EE605B}.Debug|x86.ActiveCfg = Debug|Any CPU
		{2CA69BCA-EEAA-4BE8-A316-4A7334EE605B}.Debug|x86.Build.0 = Debug|Any CPU
		{2CA69BCA-EEAA-4BE8-A316-4A7334EE605B}.Release|Any CPU.ActiveCfg = Release|Any CPU
		{2CA69BCA-EEAA-4BE8-A316-4A7334EE605B}.Release|Any CPU.Build.0 = Release|Any CPU
		{2CA69BCA-EEAA-4BE8-A316-4A7334EE605B}.Release|x86.ActiveCfg = Release|Any CPU
		{2CA69BCA-EEAA-4BE8-A316-4A7334EE605B}.Release|x86.Build.0 = Release|Any CPU
		{CAAE9CDA-4971-499A-B00E-F14788A7FB4B}.Debug|Any CPU.ActiveCfg = Debug|Any CPU
		{CAAE9CDA-4971-499A-B00E-F14788A7FB4B}.Debug|Any CPU.Build.0 = Debug|Any CPU
		{CAAE9CDA-4971-499A-B00E-F14788A7FB4B}.Debug|x86.ActiveCfg = Debug|Any CPU
		{CAAE9CDA-4971-499A-B00E-F14788A7FB4B}.Debug|x86.Build.0 = Debug|Any CPU
		{CAAE9CDA-4971-499A-B00E-F14788A7FB4B}.Release|Any CPU.ActiveCfg = Release|Any CPU
		{CAAE9CDA-4971-499A-B00E-F14788A7FB4B}.Release|Any CPU.Build.0 = Release|Any CPU
		{CAAE9CDA-4971-499A-B00E-F14788A7FB4B}.Release|x86.ActiveCfg = Release|Any CPU
		{CAAE9CDA-4971-499A-B00E-F14788A7FB4B}.Release|x86.Build.0 = Release|Any CPU
		{063A0839-2F78-4659-90EC-49EC8F5CF70E}.Debug|Any CPU.ActiveCfg = Debug|x86
		{063A0839-2F78-4659-90EC-49EC8F5CF70E}.Debug|x86.ActiveCfg = Debug|x86
		{063A0839-2F78-4659-90EC-49EC8F5CF70E}.Debug|x86.Build.0 = Debug|x86
		{063A0839-2F78-4659-90EC-49EC8F5CF70E}.Release|Any CPU.ActiveCfg = Release|x86
		{063A0839-2F78-4659-90EC-49EC8F5CF70E}.Release|x86.ActiveCfg = Release|x86
		{063A0839-2F78-4659-90EC-49EC8F5CF70E}.Release|x86.Build.0 = Release|x86
	EndGlobalSection
	GlobalSection(SolutionProperties) = preSolution
		HideSolutionNode = FALSE
	EndGlobalSection
	GlobalSection(ExtensibilityGlobals) = postSolution
		SolutionGuid = {89E3795D-B0EB-4DF4-AB18-749B9F371F38}
	EndGlobalSection
EndGlobal
